// !$*UTF8*$!
{
	archiveVersion = 1;
	classes = {
	};
	objectVersion = 46;
	objects = {

/* Begin PBXBuildFile section */
		8DF9EE141E590AE200AAB090 /* AppDelegate.swift in Sources */ = {isa = PBXBuildFile; fileRef = 8DF9EE131E590AE200AAB090 /* AppDelegate.swift */; };
		8DF9EE161E590AE200AAB090 /* ViewController.swift in Sources */ = {isa = PBXBuildFile; fileRef = 8DF9EE151E590AE200AAB090 /* ViewController.swift */; };
		8DF9EE191E590AE200AAB090 /* Main.storyboard in Resources */ = {isa = PBXBuildFile; fileRef = 8DF9EE171E590AE200AAB090 /* Main.storyboard */; };
		8DF9EE1B1E590AE200AAB090 /* Assets.xcassets in Resources */ = {isa = PBXBuildFile; fileRef = 8DF9EE1A1E590AE200AAB090 /* Assets.xcassets */; };
		8DF9EE1E1E590AE200AAB090 /* LaunchScreen.storyboard in Resources */ = {isa = PBXBuildFile; fileRef = 8DF9EE1C1E590AE200AAB090 /* LaunchScreen.storyboard */; };
		8DF9EE291E590AE200AAB090 /* gitRepoTests.swift in Sources */ = {isa = PBXBuildFile; fileRef = 8DF9EE281E590AE200AAB090 /* gitRepoTests.swift */; };
		8DF9EE341E590AE200AAB090 /* gitRepoUITests.swift in Sources */ = {isa = PBXBuildFile; fileRef = 8DF9EE331E590AE200AAB090 /* gitRepoUITests.swift */; };
		A9DB0BED7471E364899AC2BF /* Pods_gitRepo.framework in Frameworks */ = {isa = PBXBuildFile; fileRef = 40B25884BD14A3EBF869F161 /* Pods_gitRepo.framework */; };
		B2DE5D3C3D4741FCE33F660B /* Pods_gitRepoTests.framework in Frameworks */ = {isa = PBXBuildFile; fileRef = 3B9B0EE65D15E793E17582BC /* Pods_gitRepoTests.framework */; };
		EAA58A1D2680EF2970346388 /* Pods_gitRepoUITests.framework in Frameworks */ = {isa = PBXBuildFile; fileRef = 2DED6DBB50CECB1A057DF59E /* Pods_gitRepoUITests.framework */; };
/* End PBXBuildFile section */

/* Begin PBXContainerItemProxy section */
		8DF9EE251E590AE200AAB090 /* PBXContainerItemProxy */ = {
			isa = PBXContainerItemProxy;
			containerPortal = 8DF9EE081E590AE200AAB090 /* Project object */;
			proxyType = 1;
			remoteGlobalIDString = 8DF9EE0F1E590AE200AAB090;
			remoteInfo = gitRepo;
		};
		8DF9EE301E590AE200AAB090 /* PBXContainerItemProxy */ = {
			isa = PBXContainerItemProxy;
			containerPortal = 8DF9EE081E590AE200AAB090 /* Project object */;
			proxyType = 1;
			remoteGlobalIDString = 8DF9EE0F1E590AE200AAB090;
			remoteInfo = gitRepo;
		};
/* End PBXContainerItemProxy section */

/* Begin PBXFileReference section */
		2DED6DBB50CECB1A057DF59E /* Pods_gitRepoUITests.framework */ = {isa = PBXFileReference; explicitFileType = wrapper.framework; includeInIndex = 0; path = Pods_gitRepoUITests.framework; sourceTree = BUILT_PRODUCTS_DIR; };
		2E2D1DCB4A48C41AB8F0E411 /* Pods-gitRepo.release.xcconfig */ = {isa = PBXFileReference; includeInIndex = 1; lastKnownFileType = text.xcconfig; name = "Pods-gitRepo.release.xcconfig"; path = "Pods/Target Support Files/Pods-gitRepo/Pods-gitRepo.release.xcconfig"; sourceTree = "<group>"; };
		3761CF96EAE461C828BF678C /* Pods-gitRepoUITests.release.xcconfig */ = {isa = PBXFileReference; includeInIndex = 1; lastKnownFileType = text.xcconfig; name = "Pods-gitRepoUITests.release.xcconfig"; path = "Pods/Target Support Files/Pods-gitRepoUITests/Pods-gitRepoUITests.release.xcconfig"; sourceTree = "<group>"; };
		3B9B0EE65D15E793E17582BC /* Pods_gitRepoTests.framework */ = {isa = PBXFileReference; explicitFileType = wrapper.framework; includeInIndex = 0; path = Pods_gitRepoTests.framework; sourceTree = BUILT_PRODUCTS_DIR; };
		40B25884BD14A3EBF869F161 /* Pods_gitRepo.framework */ = {isa = PBXFileReference; explicitFileType = wrapper.framework; includeInIndex = 0; path = Pods_gitRepo.framework; sourceTree = BUILT_PRODUCTS_DIR; };
		51768AC6D6DC53319944B74B /* Pods-gitRepoTests.release.xcconfig */ = {isa = PBXFileReference; includeInIndex = 1; lastKnownFileType = text.xcconfig; name = "Pods-gitRepoTests.release.xcconfig"; path = "Pods/Target Support Files/Pods-gitRepoTests/Pods-gitRepoTests.release.xcconfig"; sourceTree = "<group>"; };
		75B806EB0538A83CA3119648 /* Pods-gitRepoUITests.debug.xcconfig */ = {isa = PBXFileReference; includeInIndex = 1; lastKnownFileType = text.xcconfig; name = "Pods-gitRepoUITests.debug.xcconfig"; path = "Pods/Target Support Files/Pods-gitRepoUITests/Pods-gitRepoUITests.debug.xcconfig"; sourceTree = "<group>"; };
		8DF9EE101E590AE200AAB090 /* gitRepo.app */ = {isa = PBXFileReference; explicitFileType = wrapper.application; includeInIndex = 0; path = gitRepo.app; sourceTree = BUILT_PRODUCTS_DIR; };
		8DF9EE131E590AE200AAB090 /* AppDelegate.swift */ = {isa = PBXFileReference; lastKnownFileType = sourcecode.swift; path = AppDelegate.swift; sourceTree = "<group>"; };
		8DF9EE151E590AE200AAB090 /* ViewController.swift */ = {isa = PBXFileReference; lastKnownFileType = sourcecode.swift; path = ViewController.swift; sourceTree = "<group>"; };
		8DF9EE181E590AE200AAB090 /* Base */ = {isa = PBXFileReference; lastKnownFileType = file.storyboard; name = Base; path = Base.lproj/Main.storyboard; sourceTree = "<group>"; };
		8DF9EE1A1E590AE200AAB090 /* Assets.xcassets */ = {isa = PBXFileReference; lastKnownFileType = folder.assetcatalog; path = Assets.xcassets; sourceTree = "<group>"; };
		8DF9EE1D1E590AE200AAB090 /* Base */ = {isa = PBXFileReference; lastKnownFileType = file.storyboard; name = Base; path = Base.lproj/LaunchScreen.storyboard; sourceTree = "<group>"; };
		8DF9EE1F1E590AE200AAB090 /* Info.plist */ = {isa = PBXFileReference; lastKnownFileType = text.plist.xml; path = Info.plist; sourceTree = "<group>"; };
		8DF9EE241E590AE200AAB090 /* gitRepoTests.xctest */ = {isa = PBXFileReference; explicitFileType = wrapper.cfbundle; includeInIndex = 0; path = gitRepoTests.xctest; sourceTree = BUILT_PRODUCTS_DIR; };
		8DF9EE281E590AE200AAB090 /* gitRepoTests.swift */ = {isa = PBXFileReference; lastKnownFileType = sourcecode.swift; path = gitRepoTests.swift; sourceTree = "<group>"; };
		8DF9EE2A1E590AE200AAB090 /* Info.plist */ = {isa = PBXFileReference; lastKnownFileType = text.plist.xml; path = Info.plist; sourceTree = "<group>"; };
		8DF9EE2F1E590AE200AAB090 /* gitRepoUITests.xctest */ = {isa = PBXFileReference; explicitFileType = wrapper.cfbundle; includeInIndex = 0; path = gitRepoUITests.xctest; sourceTree = BUILT_PRODUCTS_DIR; };
		8DF9EE331E590AE200AAB090 /* gitRepoUITests.swift */ = {isa = PBXFileReference; lastKnownFileType = sourcecode.swift; path = gitRepoUITests.swift; sourceTree = "<group>"; };
		8DF9EE351E590AE200AAB090 /* Info.plist */ = {isa = PBXFileReference; lastKnownFileType = text.plist.xml; path = Info.plist; sourceTree = "<group>"; };
		B1016792BB5BDF77A3DAD03D /* Pods-gitRepoTests.debug.xcconfig */ = {isa = PBXFileReference; includeInIndex = 1; lastKnownFileType = text.xcconfig; name = "Pods-gitRepoTests.debug.xcconfig"; path = "Pods/Target Support Files/Pods-gitRepoTests/Pods-gitRepoTests.debug.xcconfig"; sourceTree = "<group>"; };
		F34D6173A93AA016BAD699FF /* Pods-gitRepo.debug.xcconfig */ = {isa = PBXFileReference; includeInIndex = 1; lastKnownFileType = text.xcconfig; name = "Pods-gitRepo.debug.xcconfig"; path = "Pods/Target Support Files/Pods-gitRepo/Pods-gitRepo.debug.xcconfig"; sourceTree = "<group>"; };
/* End PBXFileReference section */

/* Begin PBXFrameworksBuildPhase section */
		8DF9EE0D1E590AE200AAB090 /* Frameworks */ = {
			isa = PBXFrameworksBuildPhase;
			buildActionMask = 2147483647;
			files = (
				A9DB0BED7471E364899AC2BF /* Pods_gitRepo.framework in Frameworks */,
			);
			runOnlyForDeploymentPostprocessing = 0;
		};
		8DF9EE211E590AE200AAB090 /* Frameworks */ = {
			isa = PBXFrameworksBuildPhase;
			buildActionMask = 2147483647;
			files = (
				B2DE5D3C3D4741FCE33F660B /* Pods_gitRepoTests.framework in Frameworks */,
			);
			runOnlyForDeploymentPostprocessing = 0;
		};
		8DF9EE2C1E590AE200AAB090 /* Frameworks */ = {
			isa = PBXFrameworksBuildPhase;
			buildActionMask = 2147483647;
			files = (
				EAA58A1D2680EF2970346388 /* Pods_gitRepoUITests.framework in Frameworks */,
			);
			runOnlyForDeploymentPostprocessing = 0;
		};
/* End PBXFrameworksBuildPhase section */

/* Begin PBXGroup section */
		7F14C8202BDFB2668F699DB4 /* Frameworks */ = {
			isa = PBXGroup;
			children = (
				40B25884BD14A3EBF869F161 /* Pods_gitRepo.framework */,
				3B9B0EE65D15E793E17582BC /* Pods_gitRepoTests.framework */,
				2DED6DBB50CECB1A057DF59E /* Pods_gitRepoUITests.framework */,
			);
			name = Frameworks;
			sourceTree = "<group>";
		};
		8DF9EE071E590AE200AAB090 = {
			isa = PBXGroup;
			children = (
				8DF9EE121E590AE200AAB090 /* gitRepo */,
				8DF9EE271E590AE200AAB090 /* gitRepoTests */,
				8DF9EE321E590AE200AAB090 /* gitRepoUITests */,
				8DF9EE111E590AE200AAB090 /* Products */,
				AC9AA725C941E04249004B3F /* Pods */,
				7F14C8202BDFB2668F699DB4 /* Frameworks */,
			);
			sourceTree = "<group>";
		};
		8DF9EE111E590AE200AAB090 /* Products */ = {
			isa = PBXGroup;
			children = (
				8DF9EE101E590AE200AAB090 /* gitRepo.app */,
				8DF9EE241E590AE200AAB090 /* gitRepoTests.xctest */,
				8DF9EE2F1E590AE200AAB090 /* gitRepoUITests.xctest */,
			);
			name = Products;
			sourceTree = "<group>";
		};
		8DF9EE121E590AE200AAB090 /* gitRepo */ = {
			isa = PBXGroup;
			children = (
				8DF9EE131E590AE200AAB090 /* AppDelegate.swift */,
				8DF9EE151E590AE200AAB090 /* ViewController.swift */,
				8DF9EE171E590AE200AAB090 /* Main.storyboard */,
				8DF9EE1A1E590AE200AAB090 /* Assets.xcassets */,
				8DF9EE1C1E590AE200AAB090 /* LaunchScreen.storyboard */,
				8DF9EE1F1E590AE200AAB090 /* Info.plist */,
			);
			path = gitRepo;
			sourceTree = "<group>";
		};
		8DF9EE271E590AE200AAB090 /* gitRepoTests */ = {
			isa = PBXGroup;
			children = (
				8DF9EE281E590AE200AAB090 /* gitRepoTests.swift */,
				8DF9EE2A1E590AE200AAB090 /* Info.plist */,
			);
			path = gitRepoTests;
			sourceTree = "<group>";
		};
		8DF9EE321E590AE200AAB090 /* gitRepoUITests */ = {
			isa = PBXGroup;
			children = (
				8DF9EE331E590AE200AAB090 /* gitRepoUITests.swift */,
				8DF9EE351E590AE200AAB090 /* Info.plist */,
			);
			path = gitRepoUITests;
			sourceTree = "<group>";
		};
		AC9AA725C941E04249004B3F /* Pods */ = {
			isa = PBXGroup;
			children = (
				F34D6173A93AA016BAD699FF /* Pods-gitRepo.debug.xcconfig */,
				2E2D1DCB4A48C41AB8F0E411 /* Pods-gitRepo.release.xcconfig */,
				B1016792BB5BDF77A3DAD03D /* Pods-gitRepoTests.debug.xcconfig */,
				51768AC6D6DC53319944B74B /* Pods-gitRepoTests.release.xcconfig */,
				75B806EB0538A83CA3119648 /* Pods-gitRepoUITests.debug.xcconfig */,
				3761CF96EAE461C828BF678C /* Pods-gitRepoUITests.release.xcconfig */,
			);
			name = Pods;
			sourceTree = "<group>";
		};
/* End PBXGroup section */

/* Begin PBXNativeTarget section */
		8DF9EE0F1E590AE200AAB090 /* gitRepo */ = {
			isa = PBXNativeTarget;
			buildConfigurationList = 8DF9EE381E590AE200AAB090 /* Build configuration list for PBXNativeTarget "gitRepo" */;
			buildPhases = (
				BD00E1BC7029EFB9EA789069 /* [CP] Check Pods Manifest.lock */,
				8DF9EE0C1E590AE200AAB090 /* Sources */,
				8DF9EE0D1E590AE200AAB090 /* Frameworks */,
				8DF9EE0E1E590AE200AAB090 /* Resources */,
				27C4BCC614710CD063B9A0EA /* [CP] Embed Pods Frameworks */,
				AC63FEA702F52251AFD43A53 /* [CP] Copy Pods Resources */,
			);
			buildRules = (
			);
			dependencies = (
			);
			name = gitRepo;
			productName = gitRepo;
			productReference = 8DF9EE101E590AE200AAB090 /* gitRepo.app */;
			productType = "com.apple.product-type.application";
		};
		8DF9EE231E590AE200AAB090 /* gitRepoTests */ = {
			isa = PBXNativeTarget;
			buildConfigurationList = 8DF9EE3B1E590AE200AAB090 /* Build configuration list for PBXNativeTarget "gitRepoTests" */;
			buildPhases = (
				7B913A6E25EFCC8DDAD2B42F /* [CP] Check Pods Manifest.lock */,
				8DF9EE201E590AE200AAB090 /* Sources */,
				8DF9EE211E590AE200AAB090 /* Frameworks */,
				8DF9EE221E590AE200AAB090 /* Resources */,
				A421BE0DE2E698973925B300 /* [CP] Embed Pods Frameworks */,
				4BF041713D6CE0FB7EAA81F9 /* [CP] Copy Pods Resources */,
			);
			buildRules = (
			);
			dependencies = (
				8DF9EE261E590AE200AAB090 /* PBXTargetDependency */,
			);
			name = gitRepoTests;
			productName = gitRepoTests;
			productReference = 8DF9EE241E590AE200AAB090 /* gitRepoTests.xctest */;
			productType = "com.apple.product-type.bundle.unit-test";
		};
		8DF9EE2E1E590AE200AAB090 /* gitRepoUITests */ = {
			isa = PBXNativeTarget;
			buildConfigurationList = 8DF9EE3E1E590AE200AAB090 /* Build configuration list for PBXNativeTarget "gitRepoUITests" */;
			buildPhases = (
				1967F89EE40604A34C13FE4A /* [CP] Check Pods Manifest.lock */,
				8DF9EE2B1E590AE200AAB090 /* Sources */,
				8DF9EE2C1E590AE200AAB090 /* Frameworks */,
				8DF9EE2D1E590AE200AAB090 /* Resources */,
				F5F33C5B482214960B77B361 /* [CP] Embed Pods Frameworks */,
				778221D310BEDF5BD760D2D7 /* [CP] Copy Pods Resources */,
			);
			buildRules = (
			);
			dependencies = (
				8DF9EE311E590AE200AAB090 /* PBXTargetDependency */,
			);
			name = gitRepoUITests;
			productName = gitRepoUITests;
			productReference = 8DF9EE2F1E590AE200AAB090 /* gitRepoUITests.xctest */;
			productType = "com.apple.product-type.bundle.ui-testing";
		};
/* End PBXNativeTarget section */

/* Begin PBXProject section */
		8DF9EE081E590AE200AAB090 /* Project object */ = {
			isa = PBXProject;
			attributes = {
				LastSwiftUpdateCheck = 0820;
				LastUpgradeCheck = 0820;
				ORGANIZATIONNAME = "George Michelon";
				TargetAttributes = {
					8DF9EE0F1E590AE200AAB090 = {
						CreatedOnToolsVersion = 8.2.1;
						DevelopmentTeam = NQCYS2UPW9;
						ProvisioningStyle = Automatic;
					};
					8DF9EE231E590AE200AAB090 = {
						CreatedOnToolsVersion = 8.2.1;
						DevelopmentTeam = NQCYS2UPW9;
						ProvisioningStyle = Automatic;
						TestTargetID = 8DF9EE0F1E590AE200AAB090;
					};
					8DF9EE2E1E590AE200AAB090 = {
						CreatedOnToolsVersion = 8.2.1;
						DevelopmentTeam = NQCYS2UPW9;
						ProvisioningStyle = Automatic;
						TestTargetID = 8DF9EE0F1E590AE200AAB090;
					};
				};
			};
			buildConfigurationList = 8DF9EE0B1E590AE200AAB090 /* Build configuration list for PBXProject "gitRepo" */;
			compatibilityVersion = "Xcode 3.2";
			developmentRegion = English;
			hasScannedForEncodings = 0;
			knownRegions = (
				en,
				Base,
			);
			mainGroup = 8DF9EE071E590AE200AAB090;
			productRefGroup = 8DF9EE111E590AE200AAB090 /* Products */;
			projectDirPath = "";
			projectRoot = "";
			targets = (
				8DF9EE0F1E590AE200AAB090 /* gitRepo */,
				8DF9EE231E590AE200AAB090 /* gitRepoTests */,
				8DF9EE2E1E590AE200AAB090 /* gitRepoUITests */,
			);
		};
/* End PBXProject section */

/* Begin PBXResourcesBuildPhase section */
		8DF9EE0E1E590AE200AAB090 /* Resources */ = {
			isa = PBXResourcesBuildPhase;
			buildActionMask = 2147483647;
			files = (
				8DF9EE1E1E590AE200AAB090 /* LaunchScreen.storyboard in Resources */,
				8DF9EE1B1E590AE200AAB090 /* Assets.xcassets in Resources */,
				8DF9EE191E590AE200AAB090 /* Main.storyboard in Resources */,
			);
			runOnlyForDeploymentPostprocessing = 0;
		};
		8DF9EE221E590AE200AAB090 /* Resources */ = {
			isa = PBXResourcesBuildPhase;
			buildActionMask = 2147483647;
			files = (
			);
			runOnlyForDeploymentPostprocessing = 0;
		};
		8DF9EE2D1E590AE200AAB090 /* Resources */ = {
			isa = PBXResourcesBuildPhase;
			buildActionMask = 2147483647;
			files = (
			);
			runOnlyForDeploymentPostprocessing = 0;
		};
/* End PBXResourcesBuildPhase section */

/* Begin PBXShellScriptBuildPhase section */
		1967F89EE40604A34C13FE4A /* [CP] Check Pods Manifest.lock */ = {
			isa = PBXShellScriptBuildPhase;
			buildActionMask = 2147483647;
			files = (
			);
			inputPaths = (
			);
			name = "[CP] Check Pods Manifest.lock";
			outputPaths = (
			);
			runOnlyForDeploymentPostprocessing = 0;
			shellPath = /bin/sh;
			shellScript = "diff \"${PODS_ROOT}/../Podfile.lock\" \"${PODS_ROOT}/Manifest.lock\" > /dev/null\nif [ $? != 0 ] ; then\n    # print error to STDERR\n    echo \"error: The sandbox is not in sync with the Podfile.lock. Run 'pod install' or update your CocoaPods installation.\" >&2\n    exit 1\nfi\n";
			showEnvVarsInLog = 0;
		};
		27C4BCC614710CD063B9A0EA /* [CP] Embed Pods Frameworks */ = {
			isa = PBXShellScriptBuildPhase;
			buildActionMask = 2147483647;
			files = (
			);
			inputPaths = (
			);
			name = "[CP] Embed Pods Frameworks";
			outputPaths = (
			);
			runOnlyForDeploymentPostprocessing = 0;
			shellPath = /bin/sh;
			shellScript = "\"${SRCROOT}/Pods/Target Support Files/Pods-gitRepo/Pods-gitRepo-frameworks.sh\"\n";
			showEnvVarsInLog = 0;
		};
		4BF041713D6CE0FB7EAA81F9 /* [CP] Copy Pods Resources */ = {
			isa = PBXShellScriptBuildPhase;
			buildActionMask = 2147483647;
			files = (
			);
			inputPaths = (
			);
			name = "[CP] Copy Pods Resources";
			outputPaths = (
			);
			runOnlyForDeploymentPostprocessing = 0;
			shellPath = /bin/sh;
			shellScript = "\"${SRCROOT}/Pods/Target Support Files/Pods-gitRepoTests/Pods-gitRepoTests-resources.sh\"\n";
			showEnvVarsInLog = 0;
		};
		778221D310BEDF5BD760D2D7 /* [CP] Copy Pods Resources */ = {
			isa = PBXShellScriptBuildPhase;
			buildActionMask = 2147483647;
			files = (
			);
			inputPaths = (
			);
			name = "[CP] Copy Pods Resources";
			outputPaths = (
			);
			runOnlyForDeploymentPostprocessing = 0;
			shellPath = /bin/sh;
			shellScript = "\"${SRCROOT}/Pods/Target Support Files/Pods-gitRepoUITests/Pods-gitRepoUITests-resources.sh\"\n";
			showEnvVarsInLog = 0;
		};
		7B913A6E25EFCC8DDAD2B42F /* [CP] Check Pods Manifest.lock */ = {
			isa = PBXShellScriptBuildPhase;
			buildActionMask = 2147483647;
			files = (
			);
			inputPaths = (
			);
			name = "[CP] Check Pods Manifest.lock";
			outputPaths = (
			);
			runOnlyForDeploymentPostprocessing = 0;
			shellPath = /bin/sh;
			shellScript = "diff \"${PODS_ROOT}/../Podfile.lock\" \"${PODS_ROOT}/Manifest.lock\" > /dev/null\nif [ $? != 0 ] ; then\n    # print error to STDERR\n    echo \"error: The sandbox is not in sync with the Podfile.lock. Run 'pod install' or update your CocoaPods installation.\" >&2\n    exit 1\nfi\n";
			showEnvVarsInLog = 0;
		};
		A421BE0DE2E698973925B300 /* [CP] Embed Pods Frameworks */ = {
			isa = PBXShellScriptBuildPhase;
			buildActionMask = 2147483647;
			files = (
			);
			inputPaths = (
			);
			name = "[CP] Embed Pods Frameworks";
			outputPaths = (
			);
			runOnlyForDeploymentPostprocessing = 0;
			shellPath = /bin/sh;
			shellScript = "\"${SRCROOT}/Pods/Target Support Files/Pods-gitRepoTests/Pods-gitRepoTests-frameworks.sh\"\n";
			showEnvVarsInLog = 0;
		};
		AC63FEA702F52251AFD43A53 /* [CP] Copy Pods Resources */ = {
			isa = PBXShellScriptBuildPhase;
			buildActionMask = 2147483647;
			files = (
			);
			inputPaths = (
			);
			name = "[CP] Copy Pods Resources";
			outputPaths = (
			);
			runOnlyForDeploymentPostprocessing = 0;
			shellPath = /bin/sh;
			shellScript = "\"${SRCROOT}/Pods/Target Support Files/Pods-gitRepo/Pods-gitRepo-resources.sh\"\n";
			showEnvVarsInLog = 0;
		};
		BD00E1BC7029EFB9EA789069 /* [CP] Check Pods Manifest.lock */ = {
			isa = PBXShellScriptBuildPhase;
			buildActionMask = 12;
			files = (
			);
			inputPaths = (
				"bash \"${BUILT_PRODUCTS_DIR}/${FRAMEWORKS_FOLDER_PATH}/Realm.framework/strip-frameworks.sh\"",
			);
			name = "[CP] Check Pods Manifest.lock";
			outputPaths = (
			);
			runOnlyForDeploymentPostprocessing = 0;
			shellPath = /bin/sh;
			shellScript = "diff \"${PODS_ROOT}/../Podfile.lock\" \"${PODS_ROOT}/Manifest.lock\" > /dev/null\nif [ $? != 0 ] ; then\n    # print error to STDERR\n    echo \"error: The sandbox is not in sync with the Podfile.lock. Run 'pod install' or update your CocoaPods installation.\" >&2\n    exit 1\nfi\n";
			showEnvVarsInLog = 0;
		};
		F5F33C5B482214960B77B361 /* [CP] Embed Pods Frameworks */ = {
			isa = PBXShellScriptBuildPhase;
			buildActionMask = 2147483647;
			files = (
			);
			inputPaths = (
			);
			name = "[CP] Embed Pods Frameworks";
			outputPaths = (
			);
			runOnlyForDeploymentPostprocessing = 0;
			shellPath = /bin/sh;
			shellScript = "\"${SRCROOT}/Pods/Target Support Files/Pods-gitRepoUITests/Pods-gitRepoUITests-frameworks.sh\"\n";
			showEnvVarsInLog = 0;
		};
/* End PBXShellScriptBuildPhase section */

/* Begin PBXSourcesBuildPhase section */
		8DF9EE0C1E590AE200AAB090 /* Sources */ = {
			isa = PBXSourcesBuildPhase;
			buildActionMask = 2147483647;
			files = (
				8DF9EE161E590AE200AAB090 /* ViewController.swift in Sources */,
				8DF9EE141E590AE200AAB090 /* AppDelegate.swift in Sources */,
			);
			runOnlyForDeploymentPostprocessing = 0;
		};
		8DF9EE201E590AE200AAB090 /* Sources */ = {
			isa = PBXSourcesBuildPhase;
			buildActionMask = 2147483647;
			files = (
				8DF9EE291E590AE200AAB090 /* gitRepoTests.swift in Sources */,
			);
			runOnlyForDeploymentPostprocessing = 0;
		};
		8DF9EE2B1E590AE200AAB090 /* Sources */ = {
			isa = PBXSourcesBuildPhase;
			buildActionMask = 2147483647;
			files = (
				8DF9EE341E590AE200AAB090 /* gitRepoUITests.swift in Sources */,
			);
			runOnlyForDeploymentPostprocessing = 0;
		};
/* End PBXSourcesBuildPhase section */

/* Begin PBXTargetDependency section */
		8DF9EE261E590AE200AAB090 /* PBXTargetDependency */ = {
			isa = PBXTargetDependency;
			target = 8DF9EE0F1E590AE200AAB090 /* gitRepo */;
			targetProxy = 8DF9EE251E590AE200AAB090 /* PBXContainerItemProxy */;
		};
		8DF9EE311E590AE200AAB090 /* PBXTargetDependency */ = {
			isa = PBXTargetDependency;
			target = 8DF9EE0F1E590AE200AAB090 /* gitRepo */;
			targetProxy = 8DF9EE301E590AE200AAB090 /* PBXContainerItemProxy */;
		};
/* End PBXTargetDependency section */

/* Begin PBXVariantGroup section */
		8DF9EE171E590AE200AAB090 /* Main.storyboard */ = {
			isa = PBXVariantGroup;
			children = (
				8DF9EE181E590AE200AAB090 /* Base */,
			);
			name = Main.storyboard;
			sourceTree = "<group>";
		};
		8DF9EE1C1E590AE200AAB090 /* LaunchScreen.storyboard */ = {
			isa = PBXVariantGroup;
			children = (
				8DF9EE1D1E590AE200AAB090 /* Base */,
			);
			name = LaunchScreen.storyboard;
			sourceTree = "<group>";
		};
/* End PBXVariantGroup section */

/* Begin XCBuildConfiguration section */
		8DF9EE361E590AE200AAB090 /* Debug */ = {
			isa = XCBuildConfiguration;
			buildSettings = {
				ALWAYS_SEARCH_USER_PATHS = NO;
				CLANG_ANALYZER_NONNULL = YES;
				CLANG_CXX_LANGUAGE_STANDARD = "gnu++0x";
				CLANG_CXX_LIBRARY = "libc++";
				CLANG_ENABLE_MODULES = YES;
				CLANG_ENABLE_OBJC_ARC = YES;
				CLANG_WARN_BOOL_CONVERSION = YES;
				CLANG_WARN_CONSTANT_CONVERSION = YES;
				CLANG_WARN_DIRECT_OBJC_ISA_USAGE = YES_ERROR;
				CLANG_WARN_DOCUMENTATION_COMMENTS = YES;
				CLANG_WARN_EMPTY_BODY = YES;
				CLANG_WARN_ENUM_CONVERSION = YES;
				CLANG_WARN_INFINITE_RECURSION = YES;
				CLANG_WARN_INT_CONVERSION = YES;
				CLANG_WARN_OBJC_ROOT_CLASS = YES_ERROR;
				CLANG_WARN_SUSPICIOUS_MOVE = YES;
				CLANG_WARN_UNREACHABLE_CODE = YES;
				CLANG_WARN__DUPLICATE_METHOD_MATCH = YES;
				"CODE_SIGN_IDENTITY[sdk=iphoneos*]" = "iPhone Developer";
				COPY_PHASE_STRIP = NO;
				DEBUG_INFORMATION_FORMAT = dwarf;
				ENABLE_STRICT_OBJC_MSGSEND = YES;
				ENABLE_TESTABILITY = YES;
				GCC_C_LANGUAGE_STANDARD = gnu99;
				GCC_DYNAMIC_NO_PIC = NO;
				GCC_NO_COMMON_BLOCKS = YES;
				GCC_OPTIMIZATION_LEVEL = 0;
				GCC_PREPROCESSOR_DEFINITIONS = (
					"DEBUG=1",
					"$(inherited)",
				);
				GCC_WARN_64_TO_32_BIT_CONVERSION = YES;
				GCC_WARN_ABOUT_RETURN_TYPE = YES_ERROR;
				GCC_WARN_UNDECLARED_SELECTOR = YES;
				GCC_WARN_UNINITIALIZED_AUTOS = YES_AGGRESSIVE;
				GCC_WARN_UNUSED_FUNCTION = YES;
				GCC_WARN_UNUSED_VARIABLE = YES;
				IPHONEOS_DEPLOYMENT_TARGET = 10.2;
				MTL_ENABLE_DEBUG_INFO = YES;
				ONLY_ACTIVE_ARCH = YES;
				SDKROOT = iphoneos;
				SWIFT_ACTIVE_COMPILATION_CONDITIONS = DEBUG;
				SWIFT_OPTIMIZATION_LEVEL = "-Onone";
				TARGETED_DEVICE_FAMILY = "1,2";
			};
			name = Debug;
		};
		8DF9EE371E590AE200AAB090 /* Release */ = {
			isa = XCBuildConfiguration;
			buildSettings = {
				ALWAYS_SEARCH_USER_PATHS = NO;
				CLANG_ANALYZER_NONNULL = YES;
				CLANG_CXX_LANGUAGE_STANDARD = "gnu++0x";
				CLANG_CXX_LIBRARY = "libc++";
				CLANG_ENABLE_MODULES = YES;
				CLANG_ENABLE_OBJC_ARC = YES;
				CLANG_WARN_BOOL_CONVERSION = YES;
				CLANG_WARN_CONSTANT_CONVERSION = YES;
				CLANG_WARN_DIRECT_OBJC_ISA_USAGE = YES_ERROR;
				CLANG_WARN_DOCUMENTATION_COMMENTS = YES;
				CLANG_WARN_EMPTY_BODY = YES;
				CLANG_WARN_ENUM_CONVERSION = YES;
				CLANG_WARN_INFINITE_RECURSION = YES;
				CLANG_WARN_INT_CONVERSION = YES;
				CLANG_WARN_OBJC_ROOT_CLASS = YES_ERROR;
				CLANG_WARN_SUSPICIOUS_MOVE = YES;
				CLANG_WARN_UNREACHABLE_CODE = YES;
				CLANG_WARN__DUPLICATE_METHOD_MATCH = YES;
				"CODE_SIGN_IDENTITY[sdk=iphoneos*]" = "iPhone Developer";
				COPY_PHASE_STRIP = NO;
				DEBUG_INFORMATION_FORMAT = "dwarf-with-dsym";
				ENABLE_NS_ASSERTIONS = NO;
				ENABLE_STRICT_OBJC_MSGSEND = YES;
				GCC_C_LANGUAGE_STANDARD = gnu99;
				GCC_NO_COMMON_BLOCKS = YES;
				GCC_WARN_64_TO_32_BIT_CONVERSION = YES;
				GCC_WARN_ABOUT_RETURN_TYPE = YES_ERROR;
				GCC_WARN_UNDECLARED_SELECTOR = YES;
				GCC_WARN_UNINITIALIZED_AUTOS = YES_AGGRESSIVE;
				GCC_WARN_UNUSED_FUNCTION = YES;
				GCC_WARN_UNUSED_VARIABLE = YES;
				IPHONEOS_DEPLOYMENT_TARGET = 10.2;
				MTL_ENABLE_DEBUG_INFO = NO;
				SDKROOT = iphoneos;
				SWIFT_OPTIMIZATION_LEVEL = "-Owholemodule";
				TARGETED_DEVICE_FAMILY = "1,2";
				VALIDATE_PRODUCT = YES;
			};
			name = Release;
		};
		8DF9EE391E590AE200AAB090 /* Debug */ = {
			isa = XCBuildConfiguration;
			baseConfigurationReference = F34D6173A93AA016BAD699FF /* Pods-gitRepo.debug.xcconfig */;
			buildSettings = {
				ASSETCATALOG_COMPILER_APPICON_NAME = AppIcon;
				DEVELOPMENT_TEAM = NQCYS2UPW9;
				FRAMEWORK_SEARCH_PATHS = (
					"$(inherited)",
					"$(PROJECT_DIR)",
				);
				INFOPLIST_FILE = gitRepo/Info.plist;
				LD_RUNPATH_SEARCH_PATHS = "$(inherited) @executable_path/Frameworks";
				PRODUCT_BUNDLE_IDENTIFIER = com.geomichelon.gitRepo;
				PRODUCT_NAME = "$(TARGET_NAME)";
				SWIFT_VERSION = 3.0;
			};
			name = Debug;
		};
		8DF9EE3A1E590AE200AAB090 /* Release */ = {
			isa = XCBuildConfiguration;
			baseConfigurationReference = 2E2D1DCB4A48C41AB8F0E411 /* Pods-gitRepo.release.xcconfig */;
			buildSettings = {
				ASSETCATALOG_COMPILER_APPICON_NAME = AppIcon;
				DEVELOPMENT_TEAM = NQCYS2UPW9;
				FRAMEWORK_SEARCH_PATHS = (
					"$(inherited)",
					"$(PROJECT_DIR)",
				);
				INFOPLIST_FILE = gitRepo/Info.plist;
				LD_RUNPATH_SEARCH_PATHS = "$(inherited) @executable_path/Frameworks";
				PRODUCT_BUNDLE_IDENTIFIER = com.geomichelon.gitRepo;
				PRODUCT_NAME = "$(TARGET_NAME)";
				SWIFT_VERSION = 3.0;
			};
			name = Release;
		};
		8DF9EE3C1E590AE200AAB090 /* Debug */ = {
			isa = XCBuildConfiguration;
			baseConfigurationReference = B1016792BB5BDF77A3DAD03D /* Pods-gitRepoTests.debug.xcconfig */;
			buildSettings = {
				ALWAYS_EMBED_SWIFT_STANDARD_LIBRARIES = YES;
				BUNDLE_LOADER = "$(TEST_HOST)";
				DEVELOPMENT_TEAM = NQCYS2UPW9;
				INFOPLIST_FILE = gitRepoTests/Info.plist;
				LD_RUNPATH_SEARCH_PATHS = "$(inherited) @executable_path/Frameworks @loader_path/Frameworks";
				PRODUCT_BUNDLE_IDENTIFIER = com.geomichelon.gitRepoTests;
				PRODUCT_NAME = "$(TARGET_NAME)";
				SWIFT_VERSION = 3.0;
				TEST_HOST = "$(BUILT_PRODUCTS_DIR)/gitRepo.app/gitRepo";
			};
			name = Debug;
		};
		8DF9EE3D1E590AE200AAB090 /* Release */ = {
			isa = XCBuildConfiguration;
			baseConfigurationReference = 51768AC6D6DC53319944B74B /* Pods-gitRepoTests.release.xcconfig */;
			buildSettings = {
				ALWAYS_EMBED_SWIFT_STANDARD_LIBRARIES = YES;
				BUNDLE_LOADER = "$(TEST_HOST)";
				DEVELOPMENT_TEAM = NQCYS2UPW9;
				INFOPLIST_FILE = gitRepoTests/Info.plist;
				LD_RUNPATH_SEARCH_PATHS = "$(inherited) @executable_path/Frameworks @loader_path/Frameworks";
				PRODUCT_BUNDLE_IDENTIFIER = com.geomichelon.gitRepoTests;
				PRODUCT_NAME = "$(TARGET_NAME)";
				SWIFT_VERSION = 3.0;
				TEST_HOST = "$(BUILT_PRODUCTS_DIR)/gitRepo.app/gitRepo";
			};
			name = Release;
		};
		8DF9EE3F1E590AE200AAB090 /* Debug */ = {
			isa = XCBuildConfiguration;
			baseConfigurationReference = 75B806EB0538A83CA3119648 /* Pods-gitRepoUITests.debug.xcconfig */;
			buildSettings = {
				ALWAYS_EMBED_SWIFT_STANDARD_LIBRARIES = YES;
				DEVELOPMENT_TEAM = NQCYS2UPW9;
				INFOPLIST_FILE = gitRepoUITests/Info.plist;
				LD_RUNPATH_SEARCH_PATHS = "$(inherited) @executable_path/Frameworks @loader_path/Frameworks";
				PRODUCT_BUNDLE_IDENTIFIER = com.geomichelon.gitRepoUITests;
				PRODUCT_NAME = "$(TARGET_NAME)";
				SWIFT_VERSION = 3.0;
				TEST_TARGET_NAME = gitRepo;
			};
			name = Debug;
		};
		8DF9EE401E590AE200AAB090 /* Release */ = {
			isa = XCBuildConfiguration;
			baseConfigurationReference = 3761CF96EAE461C828BF678C /* Pods-gitRepoUITests.release.xcconfig */;
			buildSettings = {
				ALWAYS_EMBED_SWIFT_STANDARD_LIBRARIES = YES;
				DEVELOPMENT_TEAM = NQCYS2UPW9;
				INFOPLIST_FILE = gitRepoUITests/Info.plist;
				LD_RUNPATH_SEARCH_PATHS = "$(inherited) @executable_path/Frameworks @loader_path/Frameworks";
				PRODUCT_BUNDLE_IDENTIFIER = com.geomichelon.gitRepoUITests;
				PRODUCT_NAME = "$(TARGET_NAME)";
				SWIFT_VERSION = 3.0;
				TEST_TARGET_NAME = gitRepo;
			};
			name = Release;
		};
/* End XCBuildConfiguration section */

/* Begin XCConfigurationList section */
		8DF9EE0B1E590AE200AAB090 /* Build configuration list for PBXProject "gitRepo" */ = {
			isa = XCConfigurationList;
			buildConfigurations = (
				8DF9EE361E590AE200AAB090 /* Debug */,
				8DF9EE371E590AE200AAB090 /* Release */,
			);
			defaultConfigurationIsVisible = 0;
			defaultConfigurationName = Release;
		};
		8DF9EE381E590AE200AAB090 /* Build configuration list for PBXNativeTarget "gitRepo" */ = {
			isa = XCConfigurationList;
			buildConfigurations = (
				8DF9EE391E590AE200AAB090 /* Debug */,
				8DF9EE3A1E590AE200AAB090 /* Release */,
			);
			defaultConfigurationIsVisible = 0;
			defaultConfigurationName = Release;
		};
		8DF9EE3B1E590AE200AAB090 /* Build configuration list for PBXNativeTarget "gitRepoTests" */ = {
			isa = XCConfigurationList;
			buildConfigurations = (
				8DF9EE3C1E590AE200AAB090 /* Debug */,
				8DF9EE3D1E590AE200AAB090 /* Release */,
			);
			defaultConfigurationIsVisible = 0;
			defaultConfigurationName = Release;
		};
		8DF9EE3E1E590AE200AAB090 /* Build configuration list for PBXNativeTarget "gitRepoUITests" */ = {
			isa = XCConfigurationList;
			buildConfigurations = (
				8DF9EE3F1E590AE200AAB090 /* Debug */,
				8DF9EE401E590AE200AAB090 /* Release */,
			);
			defaultConfigurationIsVisible = 0;
			defaultConfigurationName = Release;
		};
/* End XCConfigurationList section */
	};
	rootObject = 8DF9EE081E590AE200AAB090 /* Project object */;
}
